
Microsoft Visual Studio Solution File, Format Version 12.00
# Visual Studio Version 17
VisualStudioVersion = 17.0.31903.59
MinimumVisualStudioVersion = 10.0.40219.1
Project("{FAE04EC0-301F-11D3-BF4B-00C04F79EFBC}") = "SafariPark", "SafariPark\SafariPark.csproj", "{3FDB0292-8CAB-4EA0-B879-45E0E932CE53}"
EndProject
Global
	GlobalSection(SolutionConfigurationPlatforms) = preSolution
		Debug|Any CPU = Debug|Any CPU
		Release|Any CPU = Release|Any CPU
	EndGlobalSection
	GlobalSection(ProjectConfigurationPlatforms) = postSolution
		{3FDB0292-8CAB-4EA0-B879-45E0E932CE53}.Debug|Any CPU.ActiveCfg = Debug|Any CPU
		{3FDB0292-8CAB-4EA0-B879-45E0E932CE53}.Debug|Any CPU.Build.0 = Debug|Any CPU
		{3FDB0292-8CAB-4EA0-B879-45E0E932CE53}.Release|Any CPU.ActiveCfg = Release|Any CPU
		{3FDB0292-8CAB-4EA0-B879-45E0E932CE53}.Release|Any CPU.Build.0 = Release|Any CPU
	EndGlobalSection
	GlobalSection(SolutionProperties) = preSolution
		HideSolutionNode = FALSE
	EndGlobalSection
	GlobalSection(ExtensibilityGlobals) = postSolution
		SolutionGuid = {F0E2E5C1-1387-422F-8542-5BF7206A1C33}
	EndGlobalSection
EndGlobal
